
Microsoft Visual Studio Solution File, Format Version 12.00
# Visual Studio Version 17
VisualStudioVersion = 17.5.002.0
MinimumVisualStudioVersion = 10.0.40219.1
Project("{2150E333-8FDC-42A3-9474-1A3956D46DE8}") = "C#", "C#", "{240E36B6-1B95-4907-9723-B2A5E73943D1}"
EndProject
Project("{9A19103F-16F7-4668-BE54-9A1E7A4F7556}") = "Concatenacao", "C#\Concatenacao\Concatenacao.csproj", "{F94DCC10-B427-469C-A3E8-8CE315071E78}"
EndProject
Project("{9A19103F-16F7-4668-BE54-9A1E7A4F7556}") = "Entrada de Dados", "C#\Entrada de Dados\Entrada de Dados.csproj", "{F73FA796-F126-4EF0-A1FA-2E8CE78C83B7}"
EndProject
Project("{9A19103F-16F7-4668-BE54-9A1E7A4F7556}") = "Estrutura Condicional", "C#\Estrutura Condicional\Estrutura Condicional.csproj", "{FAEAF8BF-844C-4A40-A873-92C7B5FAA4B7}"
EndProject
Project("{9A19103F-16F7-4668-BE54-9A1E7A4F7556}") = "Estrutura Repetitiva (for)", "C#\Estrutura Repetitiva (for)\Estrutura Repetitiva (for).csproj", "{6A6217E8-1FB9-4C09-99F6-619A352239AB}"
EndProject
Project("{9A19103F-16F7-4668-BE54-9A1E7A4F7556}") = "Estrutura Repetitiva", "C#\Estrutura Repetitiva (while)\Estrutura Repetitiva.csproj", "{09D09FCA-C29A-4FD6-AF10-E0BB74239744}"
EndProject
Project("{2150E333-8FDC-42A3-9474-1A3956D46DE8}") = "Classe, Objeto e Atributo", "Classe, Objeto e Atributo", "{67CC6B2B-5F95-4924-B93D-FBC5A2DBEDF2}"
EndProject
Project("{FAE04EC0-301F-11D3-BF4B-00C04F79EFBC}") = "Primeiro exercício", "C#\Classe, Objeto e Atributo\Primeiro exercício\Primeiro exercício.csproj", "{042BFC39-1FAD-4632-B34F-AECC7B36D489}"
EndProject
Global
	GlobalSection(SolutionConfigurationPlatforms) = preSolution
		Debug|Any CPU = Debug|Any CPU
		Release|Any CPU = Release|Any CPU
	EndGlobalSection
	GlobalSection(ProjectConfigurationPlatforms) = postSolution
		{F94DCC10-B427-469C-A3E8-8CE315071E78}.Debug|Any CPU.ActiveCfg = Debug|Any CPU
		{F94DCC10-B427-469C-A3E8-8CE315071E78}.Debug|Any CPU.Build.0 = Debug|Any CPU
		{F94DCC10-B427-469C-A3E8-8CE315071E78}.Release|Any CPU.ActiveCfg = Release|Any CPU
		{F94DCC10-B427-469C-A3E8-8CE315071E78}.Release|Any CPU.Build.0 = Release|Any CPU
		{F73FA796-F126-4EF0-A1FA-2E8CE78C83B7}.Debug|Any CPU.ActiveCfg = Debug|Any CPU
		{F73FA796-F126-4EF0-A1FA-2E8CE78C83B7}.Debug|Any CPU.Build.0 = Debug|Any CPU
		{F73FA796-F126-4EF0-A1FA-2E8CE78C83B7}.Release|Any CPU.ActiveCfg = Release|Any CPU
		{F73FA796-F126-4EF0-A1FA-2E8CE78C83B7}.Release|Any CPU.Build.0 = Release|Any CPU
		{FAEAF8BF-844C-4A40-A873-92C7B5FAA4B7}.Debug|Any CPU.ActiveCfg = Debug|Any CPU
		{FAEAF8BF-844C-4A40-A873-92C7B5FAA4B7}.Debug|Any CPU.Build.0 = Debug|Any CPU
		{FAEAF8BF-844C-4A40-A873-92C7B5FAA4B7}.Release|Any CPU.ActiveCfg = Release|Any CPU
		{FAEAF8BF-844C-4A40-A873-92C7B5FAA4B7}.Release|Any CPU.Build.0 = Release|Any CPU
		{6A6217E8-1FB9-4C09-99F6-619A352239AB}.Debug|Any CPU.ActiveCfg = Debug|Any CPU
		{6A6217E8-1FB9-4C09-99F6-619A352239AB}.Debug|Any CPU.Build.0 = Debug|Any CPU
		{6A6217E8-1FB9-4C09-99F6-619A352239AB}.Release|Any CPU.ActiveCfg = Release|Any CPU
		{6A6217E8-1FB9-4C09-99F6-619A352239AB}.Release|Any CPU.Build.0 = Release|Any CPU
		{09D09FCA-C29A-4FD6-AF10-E0BB74239744}.Debug|Any CPU.ActiveCfg = Debug|Any CPU
		{09D09FCA-C29A-4FD6-AF10-E0BB74239744}.Debug|Any CPU.Build.0 = Debug|Any CPU
		{09D09FCA-C29A-4FD6-AF10-E0BB74239744}.Release|Any CPU.ActiveCfg = Release|Any CPU
		{09D09FCA-C29A-4FD6-AF10-E0BB74239744}.Release|Any CPU.Build.0 = Release|Any CPU
		{042BFC39-1FAD-4632-B34F-AECC7B36D489}.Debug|Any CPU.ActiveCfg = Debug|Any CPU
		{042BFC39-1FAD-4632-B34F-AECC7B36D489}.Debug|Any CPU.Build.0 = Debug|Any CPU
		{042BFC39-1FAD-4632-B34F-AECC7B36D489}.Release|Any CPU.ActiveCfg = Release|Any CPU
		{042BFC39-1FAD-4632-B34F-AECC7B36D489}.Release|Any CPU.Build.0 = Release|Any CPU
	EndGlobalSection
	GlobalSection(SolutionProperties) = preSolution
		HideSolutionNode = FALSE
	EndGlobalSection
	GlobalSection(NestedProjects) = preSolution
		{F94DCC10-B427-469C-A3E8-8CE315071E78} = {240E36B6-1B95-4907-9723-B2A5E73943D1}
		{F73FA796-F126-4EF0-A1FA-2E8CE78C83B7} = {240E36B6-1B95-4907-9723-B2A5E73943D1}
		{FAEAF8BF-844C-4A40-A873-92C7B5FAA4B7} = {240E36B6-1B95-4907-9723-B2A5E73943D1}
		{6A6217E8-1FB9-4C09-99F6-619A352239AB} = {240E36B6-1B95-4907-9723-B2A5E73943D1}
		{09D09FCA-C29A-4FD6-AF10-E0BB74239744} = {240E36B6-1B95-4907-9723-B2A5E73943D1}
		{67CC6B2B-5F95-4924-B93D-FBC5A2DBEDF2} = {240E36B6-1B95-4907-9723-B2A5E73943D1}
		{042BFC39-1FAD-4632-B34F-AECC7B36D489} = {67CC6B2B-5F95-4924-B93D-FBC5A2DBEDF2}
	EndGlobalSection
	GlobalSection(ExtensibilityGlobals) = postSolution
		SolutionGuid = {FD6DA8A5-9295-4DC1-9768-C1F7FA29AD7A}
	EndGlobalSection
EndGlobal
