
Microsoft Visual Studio Solution File, Format Version 12.00
# Visual Studio Version 17
VisualStudioVersion = 17.5.002.0
MinimumVisualStudioVersion = 10.0.40219.1
Project("{2150E333-8FDC-42A3-9474-1A3956D46DE8}") = "C#", "C#", "{14BFDA36-F4C8-4800-9285-DD4BAED1C9B3}"
EndProject
Project("{9A19103F-16F7-4668-BE54-9A1E7A4F7556}") = "Concatenacao", "C#\Concatenacao\Concatenacao.csproj", "{AEFFCD8E-80B3-4C2C-9484-9E290E94D74D}"
EndProject
Project("{9A19103F-16F7-4668-BE54-9A1E7A4F7556}") = "Entrada de Dados", "C#\Entrada de Dados\Entrada de Dados.csproj", "{2412AA21-52EF-4345-B436-479219E0B19E}"
EndProject
Project("{9A19103F-16F7-4668-BE54-9A1E7A4F7556}") = "Estrutura Condicional", "C#\Estrutura Condicional\Estrutura Condicional.csproj", "{7AB831CE-CC4A-4E7D-BAB4-069DEF22CCB9}"
EndProject
Project("{9A19103F-16F7-4668-BE54-9A1E7A4F7556}") = "Estrutura Repetitiva (for)", "C#\Estrutura Repetitiva (for)\Estrutura Repetitiva (for).csproj", "{3DF7B4CC-3DAA-4D2F-9E68-6D7A5EFD2A68}"
EndProject
Project("{9A19103F-16F7-4668-BE54-9A1E7A4F7556}") = "Estrutura Repetitiva", "C#\Estrutura Repetitiva (while)\Estrutura Repetitiva.csproj", "{CD8159B3-F310-4774-AB00-0D48EF4BED9B}"
EndProject
Project("{2150E333-8FDC-42A3-9474-1A3956D46DE8}") = "Classe, Objeto e Atributo", "Classe, Objeto e Atributo", "{7BC7140B-84E0-4211-992F-571F3BE92ABF}"
EndProject
Project("{9A19103F-16F7-4668-BE54-9A1E7A4F7556}") = "Primeiro exercício", "C#\Classe, Objeto e Atributo\Primeiro exercício\Primeiro exercício.csproj", "{5470C48E-D737-49D7-9759-C0351AFC4C3C}"
EndProject
Project("{2150E333-8FDC-42A3-9474-1A3956D46DE8}") = "Membros estáticos", "Membros estáticos", "{987FBD3D-10CA-4337-9CA4-6B8FE238A136}"
EndProject
Project("{FAE04EC0-301F-11D3-BF4B-00C04F79EFBC}") = "Membros estáticos", "C#\Classe, Objeto e Atributo\Membros estáticos\Membros estáticos\Membros estáticos.csproj", "{0E5AA52A-E869-4070-A0B9-B3E68BC78AB6}"
EndProject
Project("{FAE04EC0-301F-11D3-BF4B-00C04F79EFBC}") = "Exerc Banco", "C#\Classe, Objeto e Atributo\Exerc Banco\Exerc Banco.csproj", "{313BCB2B-8BE1-405F-869C-266CDA3E0683}"
EndProject
Global
	GlobalSection(SolutionConfigurationPlatforms) = preSolution
		Debug|Any CPU = Debug|Any CPU
		Release|Any CPU = Release|Any CPU
	EndGlobalSection
	GlobalSection(ProjectConfigurationPlatforms) = postSolution
		{AEFFCD8E-80B3-4C2C-9484-9E290E94D74D}.Debug|Any CPU.ActiveCfg = Debug|Any CPU
		{AEFFCD8E-80B3-4C2C-9484-9E290E94D74D}.Debug|Any CPU.Build.0 = Debug|Any CPU
		{AEFFCD8E-80B3-4C2C-9484-9E290E94D74D}.Release|Any CPU.ActiveCfg = Release|Any CPU
		{AEFFCD8E-80B3-4C2C-9484-9E290E94D74D}.Release|Any CPU.Build.0 = Release|Any CPU
		{2412AA21-52EF-4345-B436-479219E0B19E}.Debug|Any CPU.ActiveCfg = Debug|Any CPU
		{2412AA21-52EF-4345-B436-479219E0B19E}.Debug|Any CPU.Build.0 = Debug|Any CPU
		{2412AA21-52EF-4345-B436-479219E0B19E}.Release|Any CPU.ActiveCfg = Release|Any CPU
		{2412AA21-52EF-4345-B436-479219E0B19E}.Release|Any CPU.Build.0 = Release|Any CPU
		{7AB831CE-CC4A-4E7D-BAB4-069DEF22CCB9}.Debug|Any CPU.ActiveCfg = Debug|Any CPU
		{7AB831CE-CC4A-4E7D-BAB4-069DEF22CCB9}.Debug|Any CPU.Build.0 = Debug|Any CPU
		{7AB831CE-CC4A-4E7D-BAB4-069DEF22CCB9}.Release|Any CPU.ActiveCfg = Release|Any CPU
		{7AB831CE-CC4A-4E7D-BAB4-069DEF22CCB9}.Release|Any CPU.Build.0 = Release|Any CPU
		{3DF7B4CC-3DAA-4D2F-9E68-6D7A5EFD2A68}.Debug|Any CPU.ActiveCfg = Debug|Any CPU
		{3DF7B4CC-3DAA-4D2F-9E68-6D7A5EFD2A68}.Debug|Any CPU.Build.0 = Debug|Any CPU
		{3DF7B4CC-3DAA-4D2F-9E68-6D7A5EFD2A68}.Release|Any CPU.ActiveCfg = Release|Any CPU
		{3DF7B4CC-3DAA-4D2F-9E68-6D7A5EFD2A68}.Release|Any CPU.Build.0 = Release|Any CPU
		{CD8159B3-F310-4774-AB00-0D48EF4BED9B}.Debug|Any CPU.ActiveCfg = Debug|Any CPU
		{CD8159B3-F310-4774-AB00-0D48EF4BED9B}.Debug|Any CPU.Build.0 = Debug|Any CPU
		{CD8159B3-F310-4774-AB00-0D48EF4BED9B}.Release|Any CPU.ActiveCfg = Release|Any CPU
		{CD8159B3-F310-4774-AB00-0D48EF4BED9B}.Release|Any CPU.Build.0 = Release|Any CPU
		{5470C48E-D737-49D7-9759-C0351AFC4C3C}.Debug|Any CPU.ActiveCfg = Debug|Any CPU
		{5470C48E-D737-49D7-9759-C0351AFC4C3C}.Debug|Any CPU.Build.0 = Debug|Any CPU
		{5470C48E-D737-49D7-9759-C0351AFC4C3C}.Release|Any CPU.ActiveCfg = Release|Any CPU
		{5470C48E-D737-49D7-9759-C0351AFC4C3C}.Release|Any CPU.Build.0 = Release|Any CPU
		{0E5AA52A-E869-4070-A0B9-B3E68BC78AB6}.Debug|Any CPU.ActiveCfg = Debug|Any CPU
		{0E5AA52A-E869-4070-A0B9-B3E68BC78AB6}.Debug|Any CPU.Build.0 = Debug|Any CPU
		{0E5AA52A-E869-4070-A0B9-B3E68BC78AB6}.Release|Any CPU.ActiveCfg = Release|Any CPU
		{0E5AA52A-E869-4070-A0B9-B3E68BC78AB6}.Release|Any CPU.Build.0 = Release|Any CPU
		{313BCB2B-8BE1-405F-869C-266CDA3E0683}.Debug|Any CPU.ActiveCfg = Debug|Any CPU
		{313BCB2B-8BE1-405F-869C-266CDA3E0683}.Debug|Any CPU.Build.0 = Debug|Any CPU
		{313BCB2B-8BE1-405F-869C-266CDA3E0683}.Release|Any CPU.ActiveCfg = Release|Any CPU
		{313BCB2B-8BE1-405F-869C-266CDA3E0683}.Release|Any CPU.Build.0 = Release|Any CPU
	EndGlobalSection
	GlobalSection(SolutionProperties) = preSolution
		HideSolutionNode = FALSE
	EndGlobalSection
	GlobalSection(NestedProjects) = preSolution
		{AEFFCD8E-80B3-4C2C-9484-9E290E94D74D} = {14BFDA36-F4C8-4800-9285-DD4BAED1C9B3}
		{2412AA21-52EF-4345-B436-479219E0B19E} = {14BFDA36-F4C8-4800-9285-DD4BAED1C9B3}
		{7AB831CE-CC4A-4E7D-BAB4-069DEF22CCB9} = {14BFDA36-F4C8-4800-9285-DD4BAED1C9B3}
		{3DF7B4CC-3DAA-4D2F-9E68-6D7A5EFD2A68} = {14BFDA36-F4C8-4800-9285-DD4BAED1C9B3}
		{CD8159B3-F310-4774-AB00-0D48EF4BED9B} = {14BFDA36-F4C8-4800-9285-DD4BAED1C9B3}
		{7BC7140B-84E0-4211-992F-571F3BE92ABF} = {14BFDA36-F4C8-4800-9285-DD4BAED1C9B3}
		{5470C48E-D737-49D7-9759-C0351AFC4C3C} = {7BC7140B-84E0-4211-992F-571F3BE92ABF}
		{987FBD3D-10CA-4337-9CA4-6B8FE238A136} = {7BC7140B-84E0-4211-992F-571F3BE92ABF}
		{0E5AA52A-E869-4070-A0B9-B3E68BC78AB6} = {987FBD3D-10CA-4337-9CA4-6B8FE238A136}
		{313BCB2B-8BE1-405F-869C-266CDA3E0683} = {7BC7140B-84E0-4211-992F-571F3BE92ABF}
	EndGlobalSection
	GlobalSection(ExtensibilityGlobals) = postSolution
		SolutionGuid = {FD6DA8A5-9295-4DC1-9768-C1F7FA29AD7A}
	EndGlobalSection
EndGlobal
