
Microsoft Visual Studio Solution File, Format Version 12.00
# Visual Studio Version 17
VisualStudioVersion = 17.5.002.0
MinimumVisualStudioVersion = 10.0.40219.1
Project("{2150E333-8FDC-42A3-9474-1A3956D46DE8}") = "C#", "C#", "{4A97E166-6FDE-4905-8376-5D1E21040402}"
EndProject
Project("{9A19103F-16F7-4668-BE54-9A1E7A4F7556}") = "Concatenacao", "C#\Concatenacao\Concatenacao.csproj", "{C1344459-6D10-43E3-9DB6-435487601780}"
EndProject
Project("{9A19103F-16F7-4668-BE54-9A1E7A4F7556}") = "Entrada de Dados", "C#\Entrada de Dados\Entrada de Dados.csproj", "{7B3BD1CD-5804-4F5C-AF5B-4DB857593858}"
EndProject
Project("{9A19103F-16F7-4668-BE54-9A1E7A4F7556}") = "Estrutura Condicional", "C#\Estrutura Condicional\Estrutura Condicional.csproj", "{DE72E258-2B10-4730-AF23-F95D75556BB8}"
EndProject
Project("{9A19103F-16F7-4668-BE54-9A1E7A4F7556}") = "Estrutura Repetitiva (for)", "C#\Estrutura Repetitiva (for)\Estrutura Repetitiva (for).csproj", "{885669E6-0E8C-4667-9058-A7267C7D7520}"
EndProject
Project("{9A19103F-16F7-4668-BE54-9A1E7A4F7556}") = "Estrutura Repetitiva", "C#\Estrutura Repetitiva (while)\Estrutura Repetitiva.csproj", "{B9030A46-2669-4200-8993-EBA7AB1BF96C}"
EndProject
Project("{2150E333-8FDC-42A3-9474-1A3956D46DE8}") = "Classe, Objeto e Atributo", "Classe, Objeto e Atributo", "{6427FFAE-AF00-43F7-834A-38DA19412B03}"
EndProject
Project("{9A19103F-16F7-4668-BE54-9A1E7A4F7556}") = "Exerc Banco", "C#\Classe, Objeto e Atributo\Exerc Banco\Exerc Banco.csproj", "{7AC7E6C0-3E49-4732-B164-5E621F656567}"
EndProject
Project("{9A19103F-16F7-4668-BE54-9A1E7A4F7556}") = "Primeiro exercício", "C#\Classe, Objeto e Atributo\Primeiro exercício\Primeiro exercício.csproj", "{55B72373-1CF0-40BA-B503-294859E5AAEE}"
EndProject
Project("{2150E333-8FDC-42A3-9474-1A3956D46DE8}") = "Array, listas e matriz", "Array, listas e matriz", "{ED265E50-51AB-4012-860D-75B0A4FEC719}"
EndProject
Project("{2150E333-8FDC-42A3-9474-1A3956D46DE8}") = "Array", "Array", "{B4CF8752-C1A4-4646-8C1A-A2028F928747}"
EndProject
Project("{9A19103F-16F7-4668-BE54-9A1E7A4F7556}") = "Array", "C#\Array, listas e matriz\Array\Array\Array.csproj", "{1AB310F2-97E9-4492-9245-3FED8BB69001}"
EndProject
Project("{2150E333-8FDC-42A3-9474-1A3956D46DE8}") = "Lista", "Lista", "{65FC0BA7-C11E-47CC-A26F-166B7A71CA6D}"
EndProject
Project("{9A19103F-16F7-4668-BE54-9A1E7A4F7556}") = "Lista", "C#\Array, listas e matriz\Lista\Lista\Lista.csproj", "{07FE73AE-ACC8-443A-AA1A-A4898AD8B775}"
EndProject
Project("{2150E333-8FDC-42A3-9474-1A3956D46DE8}") = "Matriz", "Matriz", "{4B59E4FE-3550-4EB2-950B-3E64B48F66C1}"
EndProject
Project("{9A19103F-16F7-4668-BE54-9A1E7A4F7556}") = "Matriz", "C#\Array, listas e matriz\Matriz\Matriz\Matriz.csproj", "{E2B12744-460C-4B40-ABCC-CDE40ECD43A8}"
EndProject
Project("{2150E333-8FDC-42A3-9474-1A3956D46DE8}") = "Membros estáticos", "Membros estáticos", "{72F43A87-BF10-47C2-9E9D-376F4EC48D62}"
EndProject
Project("{9A19103F-16F7-4668-BE54-9A1E7A4F7556}") = "Membros estáticos", "C#\Classe, Objeto e Atributo\Membros estáticos\Membros estáticos\Membros estáticos.csproj", "{D9A7734B-DCBF-429D-873D-A5F48D1F842C}"
EndProject
Project("{2150E333-8FDC-42A3-9474-1A3956D46DE8}") = "Enumerate e composição", "Enumerate e composição", "{69A6086E-E194-43F0-9E27-1DA049BBF424}"
EndProject
Project("{FAE04EC0-301F-11D3-BF4B-00C04F79EFBC}") = "Pedidos", "C#\Enumerate e composição\Pedidos\Pedidos.csproj", "{0904F6EC-8F52-40DC-A7F2-4B71FDA73D64}"
EndProject
Project("{2150E333-8FDC-42A3-9474-1A3956D46DE8}") = "CodeWars", "CodeWars", "{55737002-7078-4659-8E78-E184284CEE19}"
EndProject
Project("{2150E333-8FDC-42A3-9474-1A3956D46DE8}") = "NarcissisticNumber", "NarcissisticNumber", "{ABD88163-5918-4382-ABD2-18824ADE6071}"
EndProject
Project("{FAE04EC0-301F-11D3-BF4B-00C04F79EFBC}") = "NarcissisticNumber", "C#\CodeWars\NarcissisticNumber\NarcissisticNumber\NarcissisticNumber.csproj", "{9EC9E1BC-E321-46EF-8C2B-4B95151765F7}"
EndProject
Project("{2150E333-8FDC-42A3-9474-1A3956D46DE8}") = "CountDuplicates", "CountDuplicates", "{B047CF28-A21A-47D2-8B7F-DDCF92054549}"
EndProject
Project("{FAE04EC0-301F-11D3-BF4B-00C04F79EFBC}") = "CountDuplicates", "C#\CodeWars\CountDuplicates\CountDuplicates\CountDuplicates.csproj", "{DA424F21-A9CB-4625-A8C5-8291E80581A7}"
EndProject
Project("{2150E333-8FDC-42A3-9474-1A3956D46DE8}") = "Tratamento de Exceções", "Tratamento de Exceções", "{A2791905-9CAD-408E-8808-CBBCD9E361A9}"
EndProject
Project("{FAE04EC0-301F-11D3-BF4B-00C04F79EFBC}") = "Bank", "C#\Tratamento de Exceções\Bank\Bank.csproj", "{C80DA991-FC63-4597-A44F-A0839501E300}"
EndProject
Project("{2150E333-8FDC-42A3-9474-1A3956D46DE8}") = "Trabalhando com Arquivos", "Trabalhando com Arquivos", "{3CFF387E-B422-4A89-9957-A4D9D1ADF19D}"
EndProject
Project("{FAE04EC0-301F-11D3-BF4B-00C04F79EFBC}") = "Sales", "C#\Trabalhando com Arquivos\Sales\Sales.csproj", "{A4097176-1122-4862-A514-743FB05A18F5}"
EndProject
Project("{FAE04EC0-301F-11D3-BF4B-00C04F79EFBC}") = "ArrayDiff", "C#\CodeWars\ArrayDiff\ArrayDiff.csproj", "{76660978-C6BE-4E0D-82BF-9EC0EA37F2FA}"
EndProject
Project("{FAE04EC0-301F-11D3-BF4B-00C04F79EFBC}") = "BitCounting", "C#\CodeWars\BitCounting\BitCounting.csproj", "{2DA69509-7C07-446F-BA8A-9B24BDA12F14}"
EndProject
Project("{FAE04EC0-301F-11D3-BF4B-00C04F79EFBC}") = "Interface", "C#\Interface\Interface.csproj", "{08673237-7FE9-4177-9CB9-CE1D2853A0BB}"
EndProject
Project("{FAE04EC0-301F-11D3-BF4B-00C04F79EFBC}") = "TwoSum", "C#\CodeWars\TwoSum\TwoSum.csproj", "{1822BBD9-9A2D-49F3-9471-051AB53D3AB9}"
EndProject
Project("{FAE04EC0-301F-11D3-BF4B-00C04F79EFBC}") = "ReplaceWithAlphabetPosition", "C#\CodeWars\ReplaceWithAlphabetPosition\ReplaceWithAlphabetPosition.csproj", "{2BE2FFA4-DD65-4EB0-AE3F-C7208F7E4EA9}"
EndProject
Project("{FAE04EC0-301F-11D3-BF4B-00C04F79EFBC}") = "FindTheParityOutlier", "C#\CodeWars\FindTheParityOutlier\FindTheParityOutlier.csproj", "{0A8282BA-87E2-474E-9DA9-8252FD1325FE}"
EndProject
Project("{FAE04EC0-301F-11D3-BF4B-00C04F79EFBC}") = "HumanReadableTime", "C#\CodeWars\HumanReadableTime\HumanReadableTime.csproj", "{6E1B9655-D04A-4674-B423-F042D1872C6C}"
EndProject
Global
	GlobalSection(SolutionConfigurationPlatforms) = preSolution
		Debug|Any CPU = Debug|Any CPU
		Release|Any CPU = Release|Any CPU
	EndGlobalSection
	GlobalSection(ProjectConfigurationPlatforms) = postSolution
		{C1344459-6D10-43E3-9DB6-435487601780}.Debug|Any CPU.ActiveCfg = Debug|Any CPU
		{C1344459-6D10-43E3-9DB6-435487601780}.Debug|Any CPU.Build.0 = Debug|Any CPU
		{C1344459-6D10-43E3-9DB6-435487601780}.Release|Any CPU.ActiveCfg = Release|Any CPU
		{C1344459-6D10-43E3-9DB6-435487601780}.Release|Any CPU.Build.0 = Release|Any CPU
		{7B3BD1CD-5804-4F5C-AF5B-4DB857593858}.Debug|Any CPU.ActiveCfg = Debug|Any CPU
		{7B3BD1CD-5804-4F5C-AF5B-4DB857593858}.Debug|Any CPU.Build.0 = Debug|Any CPU
		{7B3BD1CD-5804-4F5C-AF5B-4DB857593858}.Release|Any CPU.ActiveCfg = Release|Any CPU
		{7B3BD1CD-5804-4F5C-AF5B-4DB857593858}.Release|Any CPU.Build.0 = Release|Any CPU
		{DE72E258-2B10-4730-AF23-F95D75556BB8}.Debug|Any CPU.ActiveCfg = Debug|Any CPU
		{DE72E258-2B10-4730-AF23-F95D75556BB8}.Debug|Any CPU.Build.0 = Debug|Any CPU
		{DE72E258-2B10-4730-AF23-F95D75556BB8}.Release|Any CPU.ActiveCfg = Release|Any CPU
		{DE72E258-2B10-4730-AF23-F95D75556BB8}.Release|Any CPU.Build.0 = Release|Any CPU
		{885669E6-0E8C-4667-9058-A7267C7D7520}.Debug|Any CPU.ActiveCfg = Debug|Any CPU
		{885669E6-0E8C-4667-9058-A7267C7D7520}.Debug|Any CPU.Build.0 = Debug|Any CPU
		{885669E6-0E8C-4667-9058-A7267C7D7520}.Release|Any CPU.ActiveCfg = Release|Any CPU
		{885669E6-0E8C-4667-9058-A7267C7D7520}.Release|Any CPU.Build.0 = Release|Any CPU
		{B9030A46-2669-4200-8993-EBA7AB1BF96C}.Debug|Any CPU.ActiveCfg = Debug|Any CPU
		{B9030A46-2669-4200-8993-EBA7AB1BF96C}.Debug|Any CPU.Build.0 = Debug|Any CPU
		{B9030A46-2669-4200-8993-EBA7AB1BF96C}.Release|Any CPU.ActiveCfg = Release|Any CPU
		{B9030A46-2669-4200-8993-EBA7AB1BF96C}.Release|Any CPU.Build.0 = Release|Any CPU
		{7AC7E6C0-3E49-4732-B164-5E621F656567}.Debug|Any CPU.ActiveCfg = Debug|Any CPU
		{7AC7E6C0-3E49-4732-B164-5E621F656567}.Debug|Any CPU.Build.0 = Debug|Any CPU
		{7AC7E6C0-3E49-4732-B164-5E621F656567}.Release|Any CPU.ActiveCfg = Release|Any CPU
		{7AC7E6C0-3E49-4732-B164-5E621F656567}.Release|Any CPU.Build.0 = Release|Any CPU
		{55B72373-1CF0-40BA-B503-294859E5AAEE}.Debug|Any CPU.ActiveCfg = Debug|Any CPU
		{55B72373-1CF0-40BA-B503-294859E5AAEE}.Debug|Any CPU.Build.0 = Debug|Any CPU
		{55B72373-1CF0-40BA-B503-294859E5AAEE}.Release|Any CPU.ActiveCfg = Release|Any CPU
		{55B72373-1CF0-40BA-B503-294859E5AAEE}.Release|Any CPU.Build.0 = Release|Any CPU
		{1AB310F2-97E9-4492-9245-3FED8BB69001}.Debug|Any CPU.ActiveCfg = Debug|Any CPU
		{1AB310F2-97E9-4492-9245-3FED8BB69001}.Debug|Any CPU.Build.0 = Debug|Any CPU
		{1AB310F2-97E9-4492-9245-3FED8BB69001}.Release|Any CPU.ActiveCfg = Release|Any CPU
		{1AB310F2-97E9-4492-9245-3FED8BB69001}.Release|Any CPU.Build.0 = Release|Any CPU
		{07FE73AE-ACC8-443A-AA1A-A4898AD8B775}.Debug|Any CPU.ActiveCfg = Debug|Any CPU
		{07FE73AE-ACC8-443A-AA1A-A4898AD8B775}.Debug|Any CPU.Build.0 = Debug|Any CPU
		{07FE73AE-ACC8-443A-AA1A-A4898AD8B775}.Release|Any CPU.ActiveCfg = Release|Any CPU
		{07FE73AE-ACC8-443A-AA1A-A4898AD8B775}.Release|Any CPU.Build.0 = Release|Any CPU
		{E2B12744-460C-4B40-ABCC-CDE40ECD43A8}.Debug|Any CPU.ActiveCfg = Debug|Any CPU
		{E2B12744-460C-4B40-ABCC-CDE40ECD43A8}.Debug|Any CPU.Build.0 = Debug|Any CPU
		{E2B12744-460C-4B40-ABCC-CDE40ECD43A8}.Release|Any CPU.ActiveCfg = Release|Any CPU
		{E2B12744-460C-4B40-ABCC-CDE40ECD43A8}.Release|Any CPU.Build.0 = Release|Any CPU
		{D9A7734B-DCBF-429D-873D-A5F48D1F842C}.Debug|Any CPU.ActiveCfg = Debug|Any CPU
		{D9A7734B-DCBF-429D-873D-A5F48D1F842C}.Debug|Any CPU.Build.0 = Debug|Any CPU
		{D9A7734B-DCBF-429D-873D-A5F48D1F842C}.Release|Any CPU.ActiveCfg = Release|Any CPU
		{D9A7734B-DCBF-429D-873D-A5F48D1F842C}.Release|Any CPU.Build.0 = Release|Any CPU
		{0904F6EC-8F52-40DC-A7F2-4B71FDA73D64}.Debug|Any CPU.ActiveCfg = Debug|Any CPU
		{0904F6EC-8F52-40DC-A7F2-4B71FDA73D64}.Debug|Any CPU.Build.0 = Debug|Any CPU
		{0904F6EC-8F52-40DC-A7F2-4B71FDA73D64}.Release|Any CPU.ActiveCfg = Release|Any CPU
		{0904F6EC-8F52-40DC-A7F2-4B71FDA73D64}.Release|Any CPU.Build.0 = Release|Any CPU
		{9EC9E1BC-E321-46EF-8C2B-4B95151765F7}.Debug|Any CPU.ActiveCfg = Debug|Any CPU
		{9EC9E1BC-E321-46EF-8C2B-4B95151765F7}.Debug|Any CPU.Build.0 = Debug|Any CPU
		{9EC9E1BC-E321-46EF-8C2B-4B95151765F7}.Release|Any CPU.ActiveCfg = Release|Any CPU
		{9EC9E1BC-E321-46EF-8C2B-4B95151765F7}.Release|Any CPU.Build.0 = Release|Any CPU
		{DA424F21-A9CB-4625-A8C5-8291E80581A7}.Debug|Any CPU.ActiveCfg = Debug|Any CPU
		{DA424F21-A9CB-4625-A8C5-8291E80581A7}.Debug|Any CPU.Build.0 = Debug|Any CPU
		{DA424F21-A9CB-4625-A8C5-8291E80581A7}.Release|Any CPU.ActiveCfg = Release|Any CPU
		{DA424F21-A9CB-4625-A8C5-8291E80581A7}.Release|Any CPU.Build.0 = Release|Any CPU
		{C80DA991-FC63-4597-A44F-A0839501E300}.Debug|Any CPU.ActiveCfg = Debug|Any CPU
		{C80DA991-FC63-4597-A44F-A0839501E300}.Debug|Any CPU.Build.0 = Debug|Any CPU
		{C80DA991-FC63-4597-A44F-A0839501E300}.Release|Any CPU.ActiveCfg = Release|Any CPU
		{C80DA991-FC63-4597-A44F-A0839501E300}.Release|Any CPU.Build.0 = Release|Any CPU
		{A4097176-1122-4862-A514-743FB05A18F5}.Debug|Any CPU.ActiveCfg = Debug|Any CPU
		{A4097176-1122-4862-A514-743FB05A18F5}.Debug|Any CPU.Build.0 = Debug|Any CPU
		{A4097176-1122-4862-A514-743FB05A18F5}.Release|Any CPU.ActiveCfg = Release|Any CPU
		{A4097176-1122-4862-A514-743FB05A18F5}.Release|Any CPU.Build.0 = Release|Any CPU
		{76660978-C6BE-4E0D-82BF-9EC0EA37F2FA}.Debug|Any CPU.ActiveCfg = Debug|Any CPU
		{76660978-C6BE-4E0D-82BF-9EC0EA37F2FA}.Debug|Any CPU.Build.0 = Debug|Any CPU
		{76660978-C6BE-4E0D-82BF-9EC0EA37F2FA}.Release|Any CPU.ActiveCfg = Release|Any CPU
		{76660978-C6BE-4E0D-82BF-9EC0EA37F2FA}.Release|Any CPU.Build.0 = Release|Any CPU
		{2DA69509-7C07-446F-BA8A-9B24BDA12F14}.Debug|Any CPU.ActiveCfg = Debug|Any CPU
		{2DA69509-7C07-446F-BA8A-9B24BDA12F14}.Debug|Any CPU.Build.0 = Debug|Any CPU
		{2DA69509-7C07-446F-BA8A-9B24BDA12F14}.Release|Any CPU.ActiveCfg = Release|Any CPU
		{2DA69509-7C07-446F-BA8A-9B24BDA12F14}.Release|Any CPU.Build.0 = Release|Any CPU
		{08673237-7FE9-4177-9CB9-CE1D2853A0BB}.Debug|Any CPU.ActiveCfg = Debug|Any CPU
		{08673237-7FE9-4177-9CB9-CE1D2853A0BB}.Debug|Any CPU.Build.0 = Debug|Any CPU
		{08673237-7FE9-4177-9CB9-CE1D2853A0BB}.Release|Any CPU.ActiveCfg = Release|Any CPU
		{08673237-7FE9-4177-9CB9-CE1D2853A0BB}.Release|Any CPU.Build.0 = Release|Any CPU
		{1822BBD9-9A2D-49F3-9471-051AB53D3AB9}.Debug|Any CPU.ActiveCfg = Debug|Any CPU
		{1822BBD9-9A2D-49F3-9471-051AB53D3AB9}.Debug|Any CPU.Build.0 = Debug|Any CPU
		{1822BBD9-9A2D-49F3-9471-051AB53D3AB9}.Release|Any CPU.ActiveCfg = Release|Any CPU
		{1822BBD9-9A2D-49F3-9471-051AB53D3AB9}.Release|Any CPU.Build.0 = Release|Any CPU
		{2BE2FFA4-DD65-4EB0-AE3F-C7208F7E4EA9}.Debug|Any CPU.ActiveCfg = Debug|Any CPU
		{2BE2FFA4-DD65-4EB0-AE3F-C7208F7E4EA9}.Debug|Any CPU.Build.0 = Debug|Any CPU
		{2BE2FFA4-DD65-4EB0-AE3F-C7208F7E4EA9}.Release|Any CPU.ActiveCfg = Release|Any CPU
		{2BE2FFA4-DD65-4EB0-AE3F-C7208F7E4EA9}.Release|Any CPU.Build.0 = Release|Any CPU
		{0A8282BA-87E2-474E-9DA9-8252FD1325FE}.Debug|Any CPU.ActiveCfg = Debug|Any CPU
		{0A8282BA-87E2-474E-9DA9-8252FD1325FE}.Debug|Any CPU.Build.0 = Debug|Any CPU
		{0A8282BA-87E2-474E-9DA9-8252FD1325FE}.Release|Any CPU.ActiveCfg = Release|Any CPU
		{0A8282BA-87E2-474E-9DA9-8252FD1325FE}.Release|Any CPU.Build.0 = Release|Any CPU
		{6E1B9655-D04A-4674-B423-F042D1872C6C}.Debug|Any CPU.ActiveCfg = Debug|Any CPU
		{6E1B9655-D04A-4674-B423-F042D1872C6C}.Debug|Any CPU.Build.0 = Debug|Any CPU
		{6E1B9655-D04A-4674-B423-F042D1872C6C}.Release|Any CPU.ActiveCfg = Release|Any CPU
		{6E1B9655-D04A-4674-B423-F042D1872C6C}.Release|Any CPU.Build.0 = Release|Any CPU
	EndGlobalSection
	GlobalSection(SolutionProperties) = preSolution
		HideSolutionNode = FALSE
	EndGlobalSection
	GlobalSection(NestedProjects) = preSolution
		{C1344459-6D10-43E3-9DB6-435487601780} = {4A97E166-6FDE-4905-8376-5D1E21040402}
		{7B3BD1CD-5804-4F5C-AF5B-4DB857593858} = {4A97E166-6FDE-4905-8376-5D1E21040402}
		{DE72E258-2B10-4730-AF23-F95D75556BB8} = {4A97E166-6FDE-4905-8376-5D1E21040402}
		{885669E6-0E8C-4667-9058-A7267C7D7520} = {4A97E166-6FDE-4905-8376-5D1E21040402}
		{B9030A46-2669-4200-8993-EBA7AB1BF96C} = {4A97E166-6FDE-4905-8376-5D1E21040402}
		{6427FFAE-AF00-43F7-834A-38DA19412B03} = {4A97E166-6FDE-4905-8376-5D1E21040402}
		{7AC7E6C0-3E49-4732-B164-5E621F656567} = {6427FFAE-AF00-43F7-834A-38DA19412B03}
		{55B72373-1CF0-40BA-B503-294859E5AAEE} = {6427FFAE-AF00-43F7-834A-38DA19412B03}
		{ED265E50-51AB-4012-860D-75B0A4FEC719} = {4A97E166-6FDE-4905-8376-5D1E21040402}
		{B4CF8752-C1A4-4646-8C1A-A2028F928747} = {ED265E50-51AB-4012-860D-75B0A4FEC719}
		{1AB310F2-97E9-4492-9245-3FED8BB69001} = {B4CF8752-C1A4-4646-8C1A-A2028F928747}
		{65FC0BA7-C11E-47CC-A26F-166B7A71CA6D} = {ED265E50-51AB-4012-860D-75B0A4FEC719}
		{07FE73AE-ACC8-443A-AA1A-A4898AD8B775} = {65FC0BA7-C11E-47CC-A26F-166B7A71CA6D}
		{4B59E4FE-3550-4EB2-950B-3E64B48F66C1} = {ED265E50-51AB-4012-860D-75B0A4FEC719}
		{E2B12744-460C-4B40-ABCC-CDE40ECD43A8} = {4B59E4FE-3550-4EB2-950B-3E64B48F66C1}
		{72F43A87-BF10-47C2-9E9D-376F4EC48D62} = {6427FFAE-AF00-43F7-834A-38DA19412B03}
		{D9A7734B-DCBF-429D-873D-A5F48D1F842C} = {72F43A87-BF10-47C2-9E9D-376F4EC48D62}
		{69A6086E-E194-43F0-9E27-1DA049BBF424} = {4A97E166-6FDE-4905-8376-5D1E21040402}
		{0904F6EC-8F52-40DC-A7F2-4B71FDA73D64} = {69A6086E-E194-43F0-9E27-1DA049BBF424}
		{55737002-7078-4659-8E78-E184284CEE19} = {4A97E166-6FDE-4905-8376-5D1E21040402}
		{ABD88163-5918-4382-ABD2-18824ADE6071} = {55737002-7078-4659-8E78-E184284CEE19}
		{9EC9E1BC-E321-46EF-8C2B-4B95151765F7} = {ABD88163-5918-4382-ABD2-18824ADE6071}
		{B047CF28-A21A-47D2-8B7F-DDCF92054549} = {55737002-7078-4659-8E78-E184284CEE19}
		{DA424F21-A9CB-4625-A8C5-8291E80581A7} = {B047CF28-A21A-47D2-8B7F-DDCF92054549}
		{A2791905-9CAD-408E-8808-CBBCD9E361A9} = {4A97E166-6FDE-4905-8376-5D1E21040402}
		{C80DA991-FC63-4597-A44F-A0839501E300} = {A2791905-9CAD-408E-8808-CBBCD9E361A9}
		{3CFF387E-B422-4A89-9957-A4D9D1ADF19D} = {4A97E166-6FDE-4905-8376-5D1E21040402}
		{A4097176-1122-4862-A514-743FB05A18F5} = {3CFF387E-B422-4A89-9957-A4D9D1ADF19D}
		{76660978-C6BE-4E0D-82BF-9EC0EA37F2FA} = {55737002-7078-4659-8E78-E184284CEE19}
		{2DA69509-7C07-446F-BA8A-9B24BDA12F14} = {55737002-7078-4659-8E78-E184284CEE19}
		{08673237-7FE9-4177-9CB9-CE1D2853A0BB} = {4A97E166-6FDE-4905-8376-5D1E21040402}
		{1822BBD9-9A2D-49F3-9471-051AB53D3AB9} = {55737002-7078-4659-8E78-E184284CEE19}
		{2BE2FFA4-DD65-4EB0-AE3F-C7208F7E4EA9} = {55737002-7078-4659-8E78-E184284CEE19}
		{0A8282BA-87E2-474E-9DA9-8252FD1325FE} = {55737002-7078-4659-8E78-E184284CEE19}
		{6E1B9655-D04A-4674-B423-F042D1872C6C} = {55737002-7078-4659-8E78-E184284CEE19}
	EndGlobalSection
	GlobalSection(ExtensibilityGlobals) = postSolution
		SolutionGuid = {FD6DA8A5-9295-4DC1-9768-C1F7FA29AD7A}
	EndGlobalSection
EndGlobal
