
Microsoft Visual Studio Solution File, Format Version 12.00
# Visual Studio Version 17
VisualStudioVersion = 17.12.35521.163 d17.12
MinimumVisualStudioVersion = 10.0.40219.1
Project("{FAE04EC0-301F-11D3-BF4B-00C04F79EFBC}") = "IBMTest1", "IBMTest1.csproj", "{99DD7E04-93EA-4CC1-AC23-2F2F3D5AE419}"
EndProject
Global
	GlobalSection(SolutionConfigurationPlatforms) = preSolution
		Debug|Any CPU = Debug|Any CPU
		Release|Any CPU = Release|Any CPU
	EndGlobalSection
	GlobalSection(ProjectConfigurationPlatforms) = postSolution
		{99DD7E04-93EA-4CC1-AC23-2F2F3D5AE419}.Debug|Any CPU.ActiveCfg = Debug|Any CPU
		{99DD7E04-93EA-4CC1-AC23-2F2F3D5AE419}.Debug|Any CPU.Build.0 = Debug|Any CPU
		{99DD7E04-93EA-4CC1-AC23-2F2F3D5AE419}.Release|Any CPU.ActiveCfg = Release|Any CPU
		{99DD7E04-93EA-4CC1-AC23-2F2F3D5AE419}.Release|Any CPU.Build.0 = Release|Any CPU
	EndGlobalSection
	GlobalSection(SolutionProperties) = preSolution
		HideSolutionNode = FALSE
	EndGlobalSection
EndGlobal
