
Microsoft Visual Studio Solution File, Format Version 12.00
# Visual Studio Version 17
VisualStudioVersion = 17.12.35521.163 d17.12
MinimumVisualStudioVersion = 10.0.40219.1
Project("{FAE04EC0-301F-11D3-BF4B-00C04F79EFBC}") = "SubarrayDivision2", "SubarrayDivision2.csproj", "{1BCBC97E-40F3-48CF-872F-F2312AA1AACD}"
EndProject
Global
	GlobalSection(SolutionConfigurationPlatforms) = preSolution
		Debug|Any CPU = Debug|Any CPU
		Release|Any CPU = Release|Any CPU
	EndGlobalSection
	GlobalSection(ProjectConfigurationPlatforms) = postSolution
		{1BCBC97E-40F3-48CF-872F-F2312AA1AACD}.Debug|Any CPU.ActiveCfg = Debug|Any CPU
		{1BCBC97E-40F3-48CF-872F-F2312AA1AACD}.Debug|Any CPU.Build.0 = Debug|Any CPU
		{1BCBC97E-40F3-48CF-872F-F2312AA1AACD}.Release|Any CPU.ActiveCfg = Release|Any CPU
		{1BCBC97E-40F3-48CF-872F-F2312AA1AACD}.Release|Any CPU.Build.0 = Release|Any CPU
	EndGlobalSection
	GlobalSection(SolutionProperties) = preSolution
		HideSolutionNode = FALSE
	EndGlobalSection
EndGlobal
