
Microsoft Visual Studio Solution File, Format Version 12.00
# Visual Studio Version 17
VisualStudioVersion = 17.12.35521.163 d17.12
MinimumVisualStudioVersion = 10.0.40219.1
Project("{FAE04EC0-301F-11D3-BF4B-00C04F79EFBC}") = "NumberLineJumps", "NumberLineJumps.csproj", "{18FDB43E-3B7E-4BC2-A83B-762676127DA3}"
EndProject
Global
	GlobalSection(SolutionConfigurationPlatforms) = preSolution
		Debug|Any CPU = Debug|Any CPU
		Release|Any CPU = Release|Any CPU
	EndGlobalSection
	GlobalSection(ProjectConfigurationPlatforms) = postSolution
		{18FDB43E-3B7E-4BC2-A83B-762676127DA3}.Debug|Any CPU.ActiveCfg = Debug|Any CPU
		{18FDB43E-3B7E-4BC2-A83B-762676127DA3}.Debug|Any CPU.Build.0 = Debug|Any CPU
		{18FDB43E-3B7E-4BC2-A83B-762676127DA3}.Release|Any CPU.ActiveCfg = Release|Any CPU
		{18FDB43E-3B7E-4BC2-A83B-762676127DA3}.Release|Any CPU.Build.0 = Release|Any CPU
	EndGlobalSection
	GlobalSection(SolutionProperties) = preSolution
		HideSolutionNode = FALSE
	EndGlobalSection
EndGlobal
