
Microsoft Visual Studio Solution File, Format Version 12.00
# Visual Studio Version 17
VisualStudioVersion = 17.5.002.0
MinimumVisualStudioVersion = 10.0.40219.1
Project("{9A19103F-16F7-4668-BE54-9A1E7A4F7556}") = "ConvertNumberTostring", "ConvertNumberTostring\ConvertNumberTostring.csproj", "{98B3E330-EF0A-44E6-B6C1-B6BE2713620C}"
EndProject
Project("{9A19103F-16F7-4668-BE54-9A1E7A4F7556}") = "ConvertStringToNumber", "ConvertStringToNumber\ConvertStringToNumber.csproj", "{77487296-3F2E-43D2-A1C8-75A68531D908}"
EndProject
Project("{FAE04EC0-301F-11D3-BF4B-00C04F79EFBC}") = "RegexvalidatePinCode", "RegexvalidatePinCode\RegexvalidatePinCode.csproj", "{941F3958-0CF7-45A2-BE79-840FA0901EC5}"
EndProject
Project("{FAE04EC0-301F-11D3-BF4B-00C04F79EFBC}") = "StringsEndsWith", "StringsEndsWith\StringsEndsWith.csproj", "{562D665A-A037-4447-880E-CEA4D496E444}"
EndProject
Project("{FAE04EC0-301F-11D3-BF4B-00C04F79EFBC}") = "WhoLikesIt", "WhoLikesIt\WhoLikesIt.csproj", "{2325C436-1260-430D-BB51-75C54AD43960}"
EndProject
Project("{FAE04EC0-301F-11D3-BF4B-00C04F79EFBC}") = "GetMiddleCharacter", "GetMiddleCharacter\GetMiddleCharacter.csproj", "{C731D9C8-07DC-424B-B61D-D33DAC1975E2}"
EndProject
Project("{FAE04EC0-301F-11D3-BF4B-00C04F79EFBC}") = "EvenOrOdd", "EvenOrOdd\EvenOrOdd.csproj", "{9F1CB8CB-EF41-4F46-B23C-9882CB1C6257}"
EndProject
Project("{FAE04EC0-301F-11D3-BF4B-00C04F79EFBC}") = "CountingSheep", "CountingSheep\CountingSheep.csproj", "{9F06E517-B1D9-4FCF-B60D-D88C2C30DE60}"
EndProject
Project("{FAE04EC0-301F-11D3-BF4B-00C04F79EFBC}") = "ListFiltering", "ListFiltering\ListFiltering.csproj", "{1EDCA74B-3205-4D20-B61D-CDCD41347BDD}"
EndProject
Project("{FAE04EC0-301F-11D3-BF4B-00C04F79EFBC}") = "DuplicateEncoder", "DuplicateEncoder\DuplicateEncoder.csproj", "{6F9A69A6-5AB8-45BF-A554-FA4CC5EFCDB0}"
EndProject
Project("{FAE04EC0-301F-11D3-BF4B-00C04F79EFBC}") = "UniqueInOrder", "UniqueInOrder\UniqueInOrder.csproj", "{480C6D6E-3271-4DE4-A80C-7253FC6D597A}"
EndProject
Project("{FAE04EC0-301F-11D3-BF4B-00C04F79EFBC}") = "VowelCount", "VowelCount\VowelCount.csproj", "{2953E60B-4E3B-471F-A581-A4575BBBC1C5}"
EndProject
Project("{FAE04EC0-301F-11D3-BF4B-00C04F79EFBC}") = "NumberofPeopleInBus", "NumberofPeopleInBus\NumberofPeopleInBus.csproj", "{7FF8E32D-8A97-47CA-A2F8-AFE96044D012}"
EndProject
Project("{FAE04EC0-301F-11D3-BF4B-00C04F79EFBC}") = "FindUniqueNumber", "FindUniqueNumber\FindUniqueNumber.csproj", "{0FE78F06-8854-4B4F-85F2-91A43FC722A7}"
EndProject
Project("{FAE04EC0-301F-11D3-BF4B-00C04F79EFBC}") = "ReversedStrings", "ReversedStrings\ReversedStrings.csproj", "{E6D21AB6-2168-4459-BC76-EE85ED6911C5}"
EndProject
Project("{FAE04EC0-301F-11D3-BF4B-00C04F79EFBC}") = "ComplementaryDna", "ComplementaryDna\ComplementaryDna.csproj", "{007F2011-845B-48BB-95CF-AF2B3B906B73}"
EndProject
Project("{FAE04EC0-301F-11D3-BF4B-00C04F79EFBC}") = "OnesandZeros", "OnesandZeros\OnesandZeros.csproj", "{A2B735EA-10D7-4917-95D0-C90434B83970}"
EndProject
Project("{FAE04EC0-301F-11D3-BF4B-00C04F79EFBC}") = "Beginner-ReducebutGrow", "Beginner-ReducebutGrow\Beginner-ReducebutGrow.csproj", "{0135B183-399F-49D0-847E-96E02C132160}"
EndProject
Project("{FAE04EC0-301F-11D3-BF4B-00C04F79EFBC}") = "BeginnerSeries-SumofNumbers", "BeginnerSeries-SumofNumbers\BeginnerSeries-SumofNumbers.csproj", "{9CCDBDD2-0B81-4F9F-B1B7-0F8E44134EC7}"
EndProject
Project("{FAE04EC0-301F-11D3-BF4B-00C04F79EFBC}") = "CountbyX", "CountbyX\CountbyX.csproj", "{5F95A641-8534-4E52-926F-8A1F7F2B7BA5}"
EndProject
Project("{FAE04EC0-301F-11D3-BF4B-00C04F79EFBC}") = "FriendorFoe", "FriendorFoe\FriendorFoe.csproj", "{BFE92636-255E-40B4-9B78-87185A284166}"
EndProject
Project("{FAE04EC0-301F-11D3-BF4B-00C04F79EFBC}") = "CalculateAverage", "CalculateAverage\CalculateAverage.csproj", "{F80B11D9-C38E-4391-9A34-3F26EFCBF28E}"
EndProject
Project("{FAE04EC0-301F-11D3-BF4B-00C04F79EFBC}") = "HumanReadableDurationFormat", "..\RankUp\HumanReadableDurationFormat\HumanReadableDurationFormat.csproj", "{5A5525EA-F8E5-4DA7-B691-12D9C8F60CB8}"
EndProject
Project("{FAE04EC0-301F-11D3-BF4B-00C04F79EFBC}") = "FindtheOddInt", "FindtheOddInt\FindtheOddInt.csproj", "{1456DE05-BD5D-4DD7-B6D1-FBA3E470FB79}"
EndProject
Project("{FAE04EC0-301F-11D3-BF4B-00C04F79EFBC}") = "CounttheSmileyFaces", "CounttheSmileyFaces\CounttheSmileyFaces.csproj", "{A0F927F3-79DE-4CFB-853C-D8434D71199D}"
EndProject
Project("{FAE04EC0-301F-11D3-BF4B-00C04F79EFBC}") = "WriteNumberinExpandedForm", "WriteNumberinExpandedForm\WriteNumberinExpandedForm.csproj", "{D4CE35EA-4032-4493-B15A-A46083717DC8}"
EndProject
Project("{FAE04EC0-301F-11D3-BF4B-00C04F79EFBC}") = "CategorizeNewMember", "CategorizeNewMember\CategorizeNewMember.csproj", "{EC8054FC-D318-4587-A499-A04FCFD84103}"
EndProject
Project("{FAE04EC0-301F-11D3-BF4B-00C04F79EFBC}") = "FindMaximumandMinimumValuesofaList", "FindMaximumandMinimumValuesofaList\FindMaximumandMinimumValuesofaList.csproj", "{1124078F-B756-4172-B306-FBEAC153CEE0}"
EndProject
Project("{FAE04EC0-301F-11D3-BF4B-00C04F79EFBC}") = "YouareaSquare", "YouareaSquare\YouareaSquare.csproj", "{BB57295D-060A-465E-A07F-FFCB2EB3F6AE}"
EndProject
Project("{FAE04EC0-301F-11D3-BF4B-00C04F79EFBC}") = "SumofTheFirstNthTermofSeries", "SumofTheFirstNthTermofSeries\SumofTheFirstNthTermofSeries.csproj", "{A9A7FE7F-AC82-4659-AFCB-B42534B21EB4}"
EndProject
Project("{FAE04EC0-301F-11D3-BF4B-00C04F79EFBC}") = "BuildTower", "BuildTower\BuildTower.csproj", "{C6F1B429-74C5-4FD1-8114-E9976383363A}"
EndProject
Project("{FAE04EC0-301F-11D3-BF4B-00C04F79EFBC}") = "ReverseWords", "ReverseWords\ReverseWords.csproj", "{FEF47FF2-F5D4-45CD-AD9D-42DED5F15A33}"
EndProject
Project("{FAE04EC0-301F-11D3-BF4B-00C04F79EFBC}") = "SumofIntervals", "..\RankUp\SumofIntervals\SumofIntervals.csproj", "{02264242-DE14-4F60-8387-38CE9C052039}"
EndProject
Project("{FAE04EC0-301F-11D3-BF4B-00C04F79EFBC}") = "ParseNiceIntfromChar", "ParseNiceIntfromChar\ParseNiceIntfromChar.csproj", "{99C779C1-1E7F-4E33-9CDE-6A943A7C967C}"
EndProject
Project("{FAE04EC0-301F-11D3-BF4B-00C04F79EFBC}") = "MexicanWave", "MexicanWave\MexicanWave.csproj", "{B2627513-2C61-474F-A524-8DED10153CF6}"
EndProject
Project("{FAE04EC0-301F-11D3-BF4B-00C04F79EFBC}") = "YourOrderPlease", "YourOrderPlease\YourOrderPlease.csproj", "{CFC0D774-50DD-4165-9E96-E157916E5618}"
EndProject
Project("{FAE04EC0-301F-11D3-BF4B-00C04F79EFBC}") = "TakeaTenMinutesWalk", "TakeaTenMinutesWalk\TakeaTenMinutesWalk.csproj", "{BD6C8C7A-49A6-4E74-81A7-1E04AB0807CD}"
EndProject
Project("{FAE04EC0-301F-11D3-BF4B-00C04F79EFBC}") = "TheHighestProfitWins", "TheHighestProfitWins\TheHighestProfitWins.csproj", "{FD0D7C90-8B24-4497-AE59-F8BD0536A1FF}"
EndProject
Project("{FAE04EC0-301F-11D3-BF4B-00C04F79EFBC}") = "AddingBigNumbers", "..\RankUp\AddingBigNumbers\AddingBigNumbers.csproj", "{1E9B530F-0F55-4E00-90A0-34F97573DF56}"
EndProject
Project("{FAE04EC0-301F-11D3-BF4B-00C04F79EFBC}") = "BreakCamelCase", "BreakCamelCase\BreakCamelCase.csproj", "{96E67815-18C8-434C-A470-FE1CC7CBA23D}"
EndProject
Project("{FAE04EC0-301F-11D3-BF4B-00C04F79EFBC}") = "MaximumSubarraySum", "MaximumSubarraySum\MaximumSubarraySum.csproj", "{E36C93A7-CC14-4F0C-B0E1-F46BBC949C86}"
EndProject
Project("{FAE04EC0-301F-11D3-BF4B-00C04F79EFBC}") = "DectPangram", "DectPangram\DectPangram.csproj", "{E0420EA4-DCA0-4A80-9F54-4086C0C2C2FC}"
EndProject
Project("{FAE04EC0-301F-11D3-BF4B-00C04F79EFBC}") = "CountCharactersinYourString", "CountCharactersinYourString\CountCharactersinYourString.csproj", "{5DB640B0-FE17-4485-B730-0563D4F51397}"
EndProject
Project("{FAE04EC0-301F-11D3-BF4B-00C04F79EFBC}") = "ProductofConsecutiveFibNumbers", "ProductofConsecutiveFibNumbers\ProductofConsecutiveFibNumbers.csproj", "{D1EB80D8-3091-4FF0-9786-AE73C3CE0165}"
EndProject
Global
	GlobalSection(SolutionConfigurationPlatforms) = preSolution
		Debug|Any CPU = Debug|Any CPU
		Release|Any CPU = Release|Any CPU
	EndGlobalSection
	GlobalSection(ProjectConfigurationPlatforms) = postSolution
		{98B3E330-EF0A-44E6-B6C1-B6BE2713620C}.Debug|Any CPU.ActiveCfg = Debug|Any CPU
		{98B3E330-EF0A-44E6-B6C1-B6BE2713620C}.Debug|Any CPU.Build.0 = Debug|Any CPU
		{98B3E330-EF0A-44E6-B6C1-B6BE2713620C}.Release|Any CPU.ActiveCfg = Release|Any CPU
		{98B3E330-EF0A-44E6-B6C1-B6BE2713620C}.Release|Any CPU.Build.0 = Release|Any CPU
		{77487296-3F2E-43D2-A1C8-75A68531D908}.Debug|Any CPU.ActiveCfg = Debug|Any CPU
		{77487296-3F2E-43D2-A1C8-75A68531D908}.Debug|Any CPU.Build.0 = Debug|Any CPU
		{77487296-3F2E-43D2-A1C8-75A68531D908}.Release|Any CPU.ActiveCfg = Release|Any CPU
		{77487296-3F2E-43D2-A1C8-75A68531D908}.Release|Any CPU.Build.0 = Release|Any CPU
		{941F3958-0CF7-45A2-BE79-840FA0901EC5}.Debug|Any CPU.ActiveCfg = Debug|Any CPU
		{941F3958-0CF7-45A2-BE79-840FA0901EC5}.Debug|Any CPU.Build.0 = Debug|Any CPU
		{941F3958-0CF7-45A2-BE79-840FA0901EC5}.Release|Any CPU.ActiveCfg = Release|Any CPU
		{941F3958-0CF7-45A2-BE79-840FA0901EC5}.Release|Any CPU.Build.0 = Release|Any CPU
		{562D665A-A037-4447-880E-CEA4D496E444}.Debug|Any CPU.ActiveCfg = Debug|Any CPU
		{562D665A-A037-4447-880E-CEA4D496E444}.Debug|Any CPU.Build.0 = Debug|Any CPU
		{562D665A-A037-4447-880E-CEA4D496E444}.Release|Any CPU.ActiveCfg = Release|Any CPU
		{562D665A-A037-4447-880E-CEA4D496E444}.Release|Any CPU.Build.0 = Release|Any CPU
		{2325C436-1260-430D-BB51-75C54AD43960}.Debug|Any CPU.ActiveCfg = Debug|Any CPU
		{2325C436-1260-430D-BB51-75C54AD43960}.Debug|Any CPU.Build.0 = Debug|Any CPU
		{2325C436-1260-430D-BB51-75C54AD43960}.Release|Any CPU.ActiveCfg = Release|Any CPU
		{2325C436-1260-430D-BB51-75C54AD43960}.Release|Any CPU.Build.0 = Release|Any CPU
		{C731D9C8-07DC-424B-B61D-D33DAC1975E2}.Debug|Any CPU.ActiveCfg = Debug|Any CPU
		{C731D9C8-07DC-424B-B61D-D33DAC1975E2}.Debug|Any CPU.Build.0 = Debug|Any CPU
		{C731D9C8-07DC-424B-B61D-D33DAC1975E2}.Release|Any CPU.ActiveCfg = Release|Any CPU
		{C731D9C8-07DC-424B-B61D-D33DAC1975E2}.Release|Any CPU.Build.0 = Release|Any CPU
		{9F1CB8CB-EF41-4F46-B23C-9882CB1C6257}.Debug|Any CPU.ActiveCfg = Debug|Any CPU
		{9F1CB8CB-EF41-4F46-B23C-9882CB1C6257}.Debug|Any CPU.Build.0 = Debug|Any CPU
		{9F1CB8CB-EF41-4F46-B23C-9882CB1C6257}.Release|Any CPU.ActiveCfg = Release|Any CPU
		{9F1CB8CB-EF41-4F46-B23C-9882CB1C6257}.Release|Any CPU.Build.0 = Release|Any CPU
		{9F06E517-B1D9-4FCF-B60D-D88C2C30DE60}.Debug|Any CPU.ActiveCfg = Debug|Any CPU
		{9F06E517-B1D9-4FCF-B60D-D88C2C30DE60}.Debug|Any CPU.Build.0 = Debug|Any CPU
		{9F06E517-B1D9-4FCF-B60D-D88C2C30DE60}.Release|Any CPU.ActiveCfg = Release|Any CPU
		{9F06E517-B1D9-4FCF-B60D-D88C2C30DE60}.Release|Any CPU.Build.0 = Release|Any CPU
		{1EDCA74B-3205-4D20-B61D-CDCD41347BDD}.Debug|Any CPU.ActiveCfg = Debug|Any CPU
		{1EDCA74B-3205-4D20-B61D-CDCD41347BDD}.Debug|Any CPU.Build.0 = Debug|Any CPU
		{1EDCA74B-3205-4D20-B61D-CDCD41347BDD}.Release|Any CPU.ActiveCfg = Release|Any CPU
		{1EDCA74B-3205-4D20-B61D-CDCD41347BDD}.Release|Any CPU.Build.0 = Release|Any CPU
		{6F9A69A6-5AB8-45BF-A554-FA4CC5EFCDB0}.Debug|Any CPU.ActiveCfg = Debug|Any CPU
		{6F9A69A6-5AB8-45BF-A554-FA4CC5EFCDB0}.Debug|Any CPU.Build.0 = Debug|Any CPU
		{6F9A69A6-5AB8-45BF-A554-FA4CC5EFCDB0}.Release|Any CPU.ActiveCfg = Release|Any CPU
		{6F9A69A6-5AB8-45BF-A554-FA4CC5EFCDB0}.Release|Any CPU.Build.0 = Release|Any CPU
		{480C6D6E-3271-4DE4-A80C-7253FC6D597A}.Debug|Any CPU.ActiveCfg = Debug|Any CPU
		{480C6D6E-3271-4DE4-A80C-7253FC6D597A}.Debug|Any CPU.Build.0 = Debug|Any CPU
		{480C6D6E-3271-4DE4-A80C-7253FC6D597A}.Release|Any CPU.ActiveCfg = Release|Any CPU
		{480C6D6E-3271-4DE4-A80C-7253FC6D597A}.Release|Any CPU.Build.0 = Release|Any CPU
		{2953E60B-4E3B-471F-A581-A4575BBBC1C5}.Debug|Any CPU.ActiveCfg = Debug|Any CPU
		{2953E60B-4E3B-471F-A581-A4575BBBC1C5}.Debug|Any CPU.Build.0 = Debug|Any CPU
		{2953E60B-4E3B-471F-A581-A4575BBBC1C5}.Release|Any CPU.ActiveCfg = Release|Any CPU
		{2953E60B-4E3B-471F-A581-A4575BBBC1C5}.Release|Any CPU.Build.0 = Release|Any CPU
		{7FF8E32D-8A97-47CA-A2F8-AFE96044D012}.Debug|Any CPU.ActiveCfg = Debug|Any CPU
		{7FF8E32D-8A97-47CA-A2F8-AFE96044D012}.Debug|Any CPU.Build.0 = Debug|Any CPU
		{7FF8E32D-8A97-47CA-A2F8-AFE96044D012}.Release|Any CPU.ActiveCfg = Release|Any CPU
		{7FF8E32D-8A97-47CA-A2F8-AFE96044D012}.Release|Any CPU.Build.0 = Release|Any CPU
		{0FE78F06-8854-4B4F-85F2-91A43FC722A7}.Debug|Any CPU.ActiveCfg = Debug|Any CPU
		{0FE78F06-8854-4B4F-85F2-91A43FC722A7}.Debug|Any CPU.Build.0 = Debug|Any CPU
		{0FE78F06-8854-4B4F-85F2-91A43FC722A7}.Release|Any CPU.ActiveCfg = Release|Any CPU
		{0FE78F06-8854-4B4F-85F2-91A43FC722A7}.Release|Any CPU.Build.0 = Release|Any CPU
		{E6D21AB6-2168-4459-BC76-EE85ED6911C5}.Debug|Any CPU.ActiveCfg = Debug|Any CPU
		{E6D21AB6-2168-4459-BC76-EE85ED6911C5}.Debug|Any CPU.Build.0 = Debug|Any CPU
		{E6D21AB6-2168-4459-BC76-EE85ED6911C5}.Release|Any CPU.ActiveCfg = Release|Any CPU
		{E6D21AB6-2168-4459-BC76-EE85ED6911C5}.Release|Any CPU.Build.0 = Release|Any CPU
		{007F2011-845B-48BB-95CF-AF2B3B906B73}.Debug|Any CPU.ActiveCfg = Debug|Any CPU
		{007F2011-845B-48BB-95CF-AF2B3B906B73}.Debug|Any CPU.Build.0 = Debug|Any CPU
		{007F2011-845B-48BB-95CF-AF2B3B906B73}.Release|Any CPU.ActiveCfg = Release|Any CPU
		{007F2011-845B-48BB-95CF-AF2B3B906B73}.Release|Any CPU.Build.0 = Release|Any CPU
		{A2B735EA-10D7-4917-95D0-C90434B83970}.Debug|Any CPU.ActiveCfg = Debug|Any CPU
		{A2B735EA-10D7-4917-95D0-C90434B83970}.Debug|Any CPU.Build.0 = Debug|Any CPU
		{A2B735EA-10D7-4917-95D0-C90434B83970}.Release|Any CPU.ActiveCfg = Release|Any CPU
		{A2B735EA-10D7-4917-95D0-C90434B83970}.Release|Any CPU.Build.0 = Release|Any CPU
		{0135B183-399F-49D0-847E-96E02C132160}.Debug|Any CPU.ActiveCfg = Debug|Any CPU
		{0135B183-399F-49D0-847E-96E02C132160}.Debug|Any CPU.Build.0 = Debug|Any CPU
		{0135B183-399F-49D0-847E-96E02C132160}.Release|Any CPU.ActiveCfg = Release|Any CPU
		{0135B183-399F-49D0-847E-96E02C132160}.Release|Any CPU.Build.0 = Release|Any CPU
		{9CCDBDD2-0B81-4F9F-B1B7-0F8E44134EC7}.Debug|Any CPU.ActiveCfg = Debug|Any CPU
		{9CCDBDD2-0B81-4F9F-B1B7-0F8E44134EC7}.Debug|Any CPU.Build.0 = Debug|Any CPU
		{9CCDBDD2-0B81-4F9F-B1B7-0F8E44134EC7}.Release|Any CPU.ActiveCfg = Release|Any CPU
		{9CCDBDD2-0B81-4F9F-B1B7-0F8E44134EC7}.Release|Any CPU.Build.0 = Release|Any CPU
		{5F95A641-8534-4E52-926F-8A1F7F2B7BA5}.Debug|Any CPU.ActiveCfg = Debug|Any CPU
		{5F95A641-8534-4E52-926F-8A1F7F2B7BA5}.Debug|Any CPU.Build.0 = Debug|Any CPU
		{5F95A641-8534-4E52-926F-8A1F7F2B7BA5}.Release|Any CPU.ActiveCfg = Release|Any CPU
		{5F95A641-8534-4E52-926F-8A1F7F2B7BA5}.Release|Any CPU.Build.0 = Release|Any CPU
		{BFE92636-255E-40B4-9B78-87185A284166}.Debug|Any CPU.ActiveCfg = Debug|Any CPU
		{BFE92636-255E-40B4-9B78-87185A284166}.Debug|Any CPU.Build.0 = Debug|Any CPU
		{BFE92636-255E-40B4-9B78-87185A284166}.Release|Any CPU.ActiveCfg = Release|Any CPU
		{BFE92636-255E-40B4-9B78-87185A284166}.Release|Any CPU.Build.0 = Release|Any CPU
		{F80B11D9-C38E-4391-9A34-3F26EFCBF28E}.Debug|Any CPU.ActiveCfg = Debug|Any CPU
		{F80B11D9-C38E-4391-9A34-3F26EFCBF28E}.Debug|Any CPU.Build.0 = Debug|Any CPU
		{F80B11D9-C38E-4391-9A34-3F26EFCBF28E}.Release|Any CPU.ActiveCfg = Release|Any CPU
		{F80B11D9-C38E-4391-9A34-3F26EFCBF28E}.Release|Any CPU.Build.0 = Release|Any CPU
		{5A5525EA-F8E5-4DA7-B691-12D9C8F60CB8}.Debug|Any CPU.ActiveCfg = Debug|Any CPU
		{5A5525EA-F8E5-4DA7-B691-12D9C8F60CB8}.Debug|Any CPU.Build.0 = Debug|Any CPU
		{5A5525EA-F8E5-4DA7-B691-12D9C8F60CB8}.Release|Any CPU.ActiveCfg = Release|Any CPU
		{5A5525EA-F8E5-4DA7-B691-12D9C8F60CB8}.Release|Any CPU.Build.0 = Release|Any CPU
		{1456DE05-BD5D-4DD7-B6D1-FBA3E470FB79}.Debug|Any CPU.ActiveCfg = Debug|Any CPU
		{1456DE05-BD5D-4DD7-B6D1-FBA3E470FB79}.Debug|Any CPU.Build.0 = Debug|Any CPU
		{1456DE05-BD5D-4DD7-B6D1-FBA3E470FB79}.Release|Any CPU.ActiveCfg = Release|Any CPU
		{1456DE05-BD5D-4DD7-B6D1-FBA3E470FB79}.Release|Any CPU.Build.0 = Release|Any CPU
		{A0F927F3-79DE-4CFB-853C-D8434D71199D}.Debug|Any CPU.ActiveCfg = Debug|Any CPU
		{A0F927F3-79DE-4CFB-853C-D8434D71199D}.Debug|Any CPU.Build.0 = Debug|Any CPU
		{A0F927F3-79DE-4CFB-853C-D8434D71199D}.Release|Any CPU.ActiveCfg = Release|Any CPU
		{A0F927F3-79DE-4CFB-853C-D8434D71199D}.Release|Any CPU.Build.0 = Release|Any CPU
		{D4CE35EA-4032-4493-B15A-A46083717DC8}.Debug|Any CPU.ActiveCfg = Debug|Any CPU
		{D4CE35EA-4032-4493-B15A-A46083717DC8}.Debug|Any CPU.Build.0 = Debug|Any CPU
		{D4CE35EA-4032-4493-B15A-A46083717DC8}.Release|Any CPU.ActiveCfg = Release|Any CPU
		{D4CE35EA-4032-4493-B15A-A46083717DC8}.Release|Any CPU.Build.0 = Release|Any CPU
		{EC8054FC-D318-4587-A499-A04FCFD84103}.Debug|Any CPU.ActiveCfg = Debug|Any CPU
		{EC8054FC-D318-4587-A499-A04FCFD84103}.Debug|Any CPU.Build.0 = Debug|Any CPU
		{EC8054FC-D318-4587-A499-A04FCFD84103}.Release|Any CPU.ActiveCfg = Release|Any CPU
		{EC8054FC-D318-4587-A499-A04FCFD84103}.Release|Any CPU.Build.0 = Release|Any CPU
		{1124078F-B756-4172-B306-FBEAC153CEE0}.Debug|Any CPU.ActiveCfg = Debug|Any CPU
		{1124078F-B756-4172-B306-FBEAC153CEE0}.Debug|Any CPU.Build.0 = Debug|Any CPU
		{1124078F-B756-4172-B306-FBEAC153CEE0}.Release|Any CPU.ActiveCfg = Release|Any CPU
		{1124078F-B756-4172-B306-FBEAC153CEE0}.Release|Any CPU.Build.0 = Release|Any CPU
		{BB57295D-060A-465E-A07F-FFCB2EB3F6AE}.Debug|Any CPU.ActiveCfg = Debug|Any CPU
		{BB57295D-060A-465E-A07F-FFCB2EB3F6AE}.Debug|Any CPU.Build.0 = Debug|Any CPU
		{BB57295D-060A-465E-A07F-FFCB2EB3F6AE}.Release|Any CPU.ActiveCfg = Release|Any CPU
		{BB57295D-060A-465E-A07F-FFCB2EB3F6AE}.Release|Any CPU.Build.0 = Release|Any CPU
		{A9A7FE7F-AC82-4659-AFCB-B42534B21EB4}.Debug|Any CPU.ActiveCfg = Debug|Any CPU
		{A9A7FE7F-AC82-4659-AFCB-B42534B21EB4}.Debug|Any CPU.Build.0 = Debug|Any CPU
		{A9A7FE7F-AC82-4659-AFCB-B42534B21EB4}.Release|Any CPU.ActiveCfg = Release|Any CPU
		{A9A7FE7F-AC82-4659-AFCB-B42534B21EB4}.Release|Any CPU.Build.0 = Release|Any CPU
		{C6F1B429-74C5-4FD1-8114-E9976383363A}.Debug|Any CPU.ActiveCfg = Debug|Any CPU
		{C6F1B429-74C5-4FD1-8114-E9976383363A}.Debug|Any CPU.Build.0 = Debug|Any CPU
		{C6F1B429-74C5-4FD1-8114-E9976383363A}.Release|Any CPU.ActiveCfg = Release|Any CPU
		{C6F1B429-74C5-4FD1-8114-E9976383363A}.Release|Any CPU.Build.0 = Release|Any CPU
		{FEF47FF2-F5D4-45CD-AD9D-42DED5F15A33}.Debug|Any CPU.ActiveCfg = Debug|Any CPU
		{FEF47FF2-F5D4-45CD-AD9D-42DED5F15A33}.Debug|Any CPU.Build.0 = Debug|Any CPU
		{FEF47FF2-F5D4-45CD-AD9D-42DED5F15A33}.Release|Any CPU.ActiveCfg = Release|Any CPU
		{FEF47FF2-F5D4-45CD-AD9D-42DED5F15A33}.Release|Any CPU.Build.0 = Release|Any CPU
		{02264242-DE14-4F60-8387-38CE9C052039}.Debug|Any CPU.ActiveCfg = Debug|Any CPU
		{02264242-DE14-4F60-8387-38CE9C052039}.Debug|Any CPU.Build.0 = Debug|Any CPU
		{02264242-DE14-4F60-8387-38CE9C052039}.Release|Any CPU.ActiveCfg = Release|Any CPU
		{02264242-DE14-4F60-8387-38CE9C052039}.Release|Any CPU.Build.0 = Release|Any CPU
		{99C779C1-1E7F-4E33-9CDE-6A943A7C967C}.Debug|Any CPU.ActiveCfg = Debug|Any CPU
		{99C779C1-1E7F-4E33-9CDE-6A943A7C967C}.Debug|Any CPU.Build.0 = Debug|Any CPU
		{99C779C1-1E7F-4E33-9CDE-6A943A7C967C}.Release|Any CPU.ActiveCfg = Release|Any CPU
		{99C779C1-1E7F-4E33-9CDE-6A943A7C967C}.Release|Any CPU.Build.0 = Release|Any CPU
		{B2627513-2C61-474F-A524-8DED10153CF6}.Debug|Any CPU.ActiveCfg = Debug|Any CPU
		{B2627513-2C61-474F-A524-8DED10153CF6}.Debug|Any CPU.Build.0 = Debug|Any CPU
		{B2627513-2C61-474F-A524-8DED10153CF6}.Release|Any CPU.ActiveCfg = Release|Any CPU
		{B2627513-2C61-474F-A524-8DED10153CF6}.Release|Any CPU.Build.0 = Release|Any CPU
		{CFC0D774-50DD-4165-9E96-E157916E5618}.Debug|Any CPU.ActiveCfg = Debug|Any CPU
		{CFC0D774-50DD-4165-9E96-E157916E5618}.Debug|Any CPU.Build.0 = Debug|Any CPU
		{CFC0D774-50DD-4165-9E96-E157916E5618}.Release|Any CPU.ActiveCfg = Release|Any CPU
		{CFC0D774-50DD-4165-9E96-E157916E5618}.Release|Any CPU.Build.0 = Release|Any CPU
		{BD6C8C7A-49A6-4E74-81A7-1E04AB0807CD}.Debug|Any CPU.ActiveCfg = Debug|Any CPU
		{BD6C8C7A-49A6-4E74-81A7-1E04AB0807CD}.Debug|Any CPU.Build.0 = Debug|Any CPU
		{BD6C8C7A-49A6-4E74-81A7-1E04AB0807CD}.Release|Any CPU.ActiveCfg = Release|Any CPU
		{BD6C8C7A-49A6-4E74-81A7-1E04AB0807CD}.Release|Any CPU.Build.0 = Release|Any CPU
		{FD0D7C90-8B24-4497-AE59-F8BD0536A1FF}.Debug|Any CPU.ActiveCfg = Debug|Any CPU
		{FD0D7C90-8B24-4497-AE59-F8BD0536A1FF}.Debug|Any CPU.Build.0 = Debug|Any CPU
		{FD0D7C90-8B24-4497-AE59-F8BD0536A1FF}.Release|Any CPU.ActiveCfg = Release|Any CPU
		{FD0D7C90-8B24-4497-AE59-F8BD0536A1FF}.Release|Any CPU.Build.0 = Release|Any CPU
		{1E9B530F-0F55-4E00-90A0-34F97573DF56}.Debug|Any CPU.ActiveCfg = Debug|Any CPU
		{1E9B530F-0F55-4E00-90A0-34F97573DF56}.Debug|Any CPU.Build.0 = Debug|Any CPU
		{1E9B530F-0F55-4E00-90A0-34F97573DF56}.Release|Any CPU.ActiveCfg = Release|Any CPU
		{1E9B530F-0F55-4E00-90A0-34F97573DF56}.Release|Any CPU.Build.0 = Release|Any CPU
		{96E67815-18C8-434C-A470-FE1CC7CBA23D}.Debug|Any CPU.ActiveCfg = Debug|Any CPU
		{96E67815-18C8-434C-A470-FE1CC7CBA23D}.Debug|Any CPU.Build.0 = Debug|Any CPU
		{96E67815-18C8-434C-A470-FE1CC7CBA23D}.Release|Any CPU.ActiveCfg = Release|Any CPU
		{96E67815-18C8-434C-A470-FE1CC7CBA23D}.Release|Any CPU.Build.0 = Release|Any CPU
		{E36C93A7-CC14-4F0C-B0E1-F46BBC949C86}.Debug|Any CPU.ActiveCfg = Debug|Any CPU
		{E36C93A7-CC14-4F0C-B0E1-F46BBC949C86}.Debug|Any CPU.Build.0 = Debug|Any CPU
		{E36C93A7-CC14-4F0C-B0E1-F46BBC949C86}.Release|Any CPU.ActiveCfg = Release|Any CPU
		{E36C93A7-CC14-4F0C-B0E1-F46BBC949C86}.Release|Any CPU.Build.0 = Release|Any CPU
		{E0420EA4-DCA0-4A80-9F54-4086C0C2C2FC}.Debug|Any CPU.ActiveCfg = Debug|Any CPU
		{E0420EA4-DCA0-4A80-9F54-4086C0C2C2FC}.Debug|Any CPU.Build.0 = Debug|Any CPU
		{E0420EA4-DCA0-4A80-9F54-4086C0C2C2FC}.Release|Any CPU.ActiveCfg = Release|Any CPU
		{E0420EA4-DCA0-4A80-9F54-4086C0C2C2FC}.Release|Any CPU.Build.0 = Release|Any CPU
		{5DB640B0-FE17-4485-B730-0563D4F51397}.Debug|Any CPU.ActiveCfg = Debug|Any CPU
		{5DB640B0-FE17-4485-B730-0563D4F51397}.Debug|Any CPU.Build.0 = Debug|Any CPU
		{5DB640B0-FE17-4485-B730-0563D4F51397}.Release|Any CPU.ActiveCfg = Release|Any CPU
		{5DB640B0-FE17-4485-B730-0563D4F51397}.Release|Any CPU.Build.0 = Release|Any CPU
		{D1EB80D8-3091-4FF0-9786-AE73C3CE0165}.Debug|Any CPU.ActiveCfg = Debug|Any CPU
		{D1EB80D8-3091-4FF0-9786-AE73C3CE0165}.Debug|Any CPU.Build.0 = Debug|Any CPU
		{D1EB80D8-3091-4FF0-9786-AE73C3CE0165}.Release|Any CPU.ActiveCfg = Release|Any CPU
		{D1EB80D8-3091-4FF0-9786-AE73C3CE0165}.Release|Any CPU.Build.0 = Release|Any CPU
	EndGlobalSection
	GlobalSection(SolutionProperties) = preSolution
		HideSolutionNode = FALSE
	EndGlobalSection
	GlobalSection(ExtensibilityGlobals) = postSolution
		SolutionGuid = {7283B518-1D5B-4D10-958E-DB6EF9A5C0A6}
	EndGlobalSection
EndGlobal
